
Microsoft Visual Studio Solution File, Format Version 12.00
# Visual Studio Version 17
VisualStudioVersion = 17.6.33829.357
MinimumVisualStudioVersion = 10.0.40219.1
Project("{FAE04EC0-301F-11D3-BF4B-00C04F79EFBC}") = "ExodusLogin", "ExodusLogin\ExodusLogin.csproj", "{930CA4B6-8F4B-4DEF-B505-3BFD26378A85}"
EndProject
Global
	GlobalSection(SolutionConfigurationPlatforms) = preSolution
		Debug|Any CPU = Debug|Any CPU
		Release|Any CPU = Release|Any CPU
	EndGlobalSection
	GlobalSection(ProjectConfigurationPlatforms) = postSolution
		{930CA4B6-8F4B-4DEF-B505-3BFD26378A85}.Debug|Any CPU.ActiveCfg = Debug|Any CPU
		{930CA4B6-8F4B-4DEF-B505-3BFD26378A85}.Debug|Any CPU.Build.0 = Debug|Any CPU
		{930CA4B6-8F4B-4DEF-B505-3BFD26378A85}.Release|Any CPU.ActiveCfg = Release|Any CPU
		{930CA4B6-8F4B-4DEF-B505-3BFD26378A85}.Release|Any CPU.Build.0 = Release|Any CPU
	EndGlobalSection
	GlobalSection(SolutionProperties) = preSolution
		HideSolutionNode = FALSE
	EndGlobalSection
	GlobalSection(ExtensibilityGlobals) = postSolution
		SolutionGuid = {CE20B354-3653-4657-8FF4-BF456E7C09A1}
	EndGlobalSection
EndGlobal
